
Microsoft Visual Studio Solution File, Format Version 12.00
# Visual Studio Version 16
VisualStudioVersion = 16.0.28803.352
MinimumVisualStudioVersion = 10.0.40219.1
Project("{FAE04EC0-301F-11D3-BF4B-00C04F79EFBC}") = "Coffee Table", "Coffee Table\Coffee Table.csproj", "{407FF1EA-C1CB-492F-ABD4-B89C4DB2CD12}"
EndProject
Global
	GlobalSection(SolutionConfigurationPlatforms) = preSolution
		Debug|Any CPU = Debug|Any CPU
		Release|Any CPU = Release|Any CPU
	EndGlobalSection
	GlobalSection(ProjectConfigurationPlatforms) = postSolution
		{407FF1EA-C1CB-492F-ABD4-B89C4DB2CD12}.Debug|Any CPU.ActiveCfg = Debug|Any CPU
		{407FF1EA-C1CB-492F-ABD4-B89C4DB2CD12}.Debug|Any CPU.Build.0 = Debug|Any CPU
		{407FF1EA-C1CB-492F-ABD4-B89C4DB2CD12}.Release|Any CPU.ActiveCfg = Release|Any CPU
		{407FF1EA-C1CB-492F-ABD4-B89C4DB2CD12}.Release|Any CPU.Build.0 = Release|Any CPU
	EndGlobalSection
	GlobalSection(SolutionProperties) = preSolution
		HideSolutionNode = FALSE
	EndGlobalSection
	GlobalSection(ExtensibilityGlobals) = postSolution
		SolutionGuid = {1ACAD2BF-B714-47AA-B8A8-C46C9FB10396}
	EndGlobalSection
EndGlobal
